// !$*UTF8*$!
{
	archiveVersion = 1;
	classes = {
	};
	objectVersion = 51;
	objects = {

/* Begin PBXBuildFile section */
		4C2FC0B10D8D4613DC5A6BFC /* Pods_PetsHouse.framework in Frameworks */ = {isa = PBXBuildFile; fileRef = BB15DB45C3F4D9DBD1961558 /* Pods_PetsHouse.framework */; };
		9F7DCABF25F995CA00450A79 /* AppDelegate.swift in Sources */ = {isa = PBXBuildFile; fileRef = 9F7DCABE25F995CA00450A79 /* AppDelegate.swift */; };
		9F7DCAC125F995CA00450A79 /* SceneDelegate.swift in Sources */ = {isa = PBXBuildFile; fileRef = 9F7DCAC025F995CA00450A79 /* SceneDelegate.swift */; };
		9F7DCAC625F995CA00450A79 /* Main.storyboard in Resources */ = {isa = PBXBuildFile; fileRef = 9F7DCAC425F995CA00450A79 /* Main.storyboard */; };
		9F7DCAC825F995CE00450A79 /* Assets.xcassets in Resources */ = {isa = PBXBuildFile; fileRef = 9F7DCAC725F995CE00450A79 /* Assets.xcassets */; };
		9F7DCACB25F995CE00450A79 /* LaunchScreen.storyboard in Resources */ = {isa = PBXBuildFile; fileRef = 9F7DCAC925F995CE00450A79 /* LaunchScreen.storyboard */; };
		9F8403342611C10200F6973B /* WriteViewController.swift in Sources */ = {isa = PBXBuildFile; fileRef = 9F8403332611C10200F6973B /* WriteViewController.swift */; };
		9F8403CE2614195700F6973B /* TokenModel.swift in Sources */ = {isa = PBXBuildFile; fileRef = 9F8403CD2614195600F6973B /* TokenModel.swift */; };
		9F8C16E7260B02C300F8D17B /* SignInViewController.swift in Sources */ = {isa = PBXBuildFile; fileRef = 9F8C16E6260B02C300F8D17B /* SignInViewController.swift */; };
		9FE4A0C02608DE6C00D668F0 /* TestService.swift in Sources */ = {isa = PBXBuildFile; fileRef = 9FE4A0BF2608DE6C00D668F0 /* TestService.swift */; };
		9FE4A0C62608DE9600D668F0 /* TestNetworking.swift in Sources */ = {isa = PBXBuildFile; fileRef = 9FE4A0C52608DE9600D668F0 /* TestNetworking.swift */; };
		9FE4A0C92608DEA400D668F0 /* ViewModelType.swift in Sources */ = {isa = PBXBuildFile; fileRef = 9FE4A0C82608DEA400D668F0 /* ViewModelType.swift */; };
		9FE4A0E02609CD6500D668F0 /* SignUpViewController.swift in Sources */ = {isa = PBXBuildFile; fileRef = 9FE4A0DF2609CD6500D668F0 /* SignUpViewController.swift */; };
		9FE4A0E8260A014F00D668F0 /* UIColor.swift in Sources */ = {isa = PBXBuildFile; fileRef = 9FE4A0E7260A014F00D668F0 /* UIColor.swift */; };
/* End PBXBuildFile section */

/* Begin PBXFileReference section */
		9F7DCABB25F995CA00450A79 /* PetsHouse.app */ = {isa = PBXFileReference; explicitFileType = wrapper.application; includeInIndex = 0; path = PetsHouse.app; sourceTree = BUILT_PRODUCTS_DIR; };
		9F7DCABE25F995CA00450A79 /* AppDelegate.swift */ = {isa = PBXFileReference; lastKnownFileType = sourcecode.swift; path = AppDelegate.swift; sourceTree = "<group>"; };
		9F7DCAC025F995CA00450A79 /* SceneDelegate.swift */ = {isa = PBXFileReference; lastKnownFileType = sourcecode.swift; path = SceneDelegate.swift; sourceTree = "<group>"; };
		9F7DCAC525F995CA00450A79 /* Base */ = {isa = PBXFileReference; lastKnownFileType = file.storyboard; name = Base; path = Base.lproj/Main.storyboard; sourceTree = "<group>"; };
		9F7DCAC725F995CE00450A79 /* Assets.xcassets */ = {isa = PBXFileReference; lastKnownFileType = folder.assetcatalog; path = Assets.xcassets; sourceTree = "<group>"; };
		9F7DCACA25F995CE00450A79 /* Base */ = {isa = PBXFileReference; lastKnownFileType = file.storyboard; name = Base; path = Base.lproj/LaunchScreen.storyboard; sourceTree = "<group>"; };
		9F7DCACC25F995CE00450A79 /* Info.plist */ = {isa = PBXFileReference; lastKnownFileType = text.plist.xml; path = Info.plist; sourceTree = "<group>"; };
		9F8403332611C10200F6973B /* WriteViewController.swift */ = {isa = PBXFileReference; lastKnownFileType = sourcecode.swift; path = WriteViewController.swift; sourceTree = "<group>"; };
		9F8403CD2614195600F6973B /* TokenModel.swift */ = {isa = PBXFileReference; lastKnownFileType = sourcecode.swift; path = TokenModel.swift; sourceTree = "<group>"; };
		9F8C16E6260B02C300F8D17B /* SignInViewController.swift */ = {isa = PBXFileReference; lastKnownFileType = sourcecode.swift; path = SignInViewController.swift; sourceTree = "<group>"; };
		9FE4A0BF2608DE6C00D668F0 /* TestService.swift */ = {isa = PBXFileReference; lastKnownFileType = sourcecode.swift; path = TestService.swift; sourceTree = "<group>"; };
		9FE4A0C52608DE9600D668F0 /* TestNetworking.swift */ = {isa = PBXFileReference; lastKnownFileType = sourcecode.swift; path = TestNetworking.swift; sourceTree = "<group>"; };
		9FE4A0C82608DEA400D668F0 /* ViewModelType.swift */ = {isa = PBXFileReference; lastKnownFileType = sourcecode.swift; path = ViewModelType.swift; sourceTree = "<group>"; };
		9FE4A0DF2609CD6500D668F0 /* SignUpViewController.swift */ = {isa = PBXFileReference; lastKnownFileType = sourcecode.swift; path = SignUpViewController.swift; sourceTree = "<group>"; };
		9FE4A0E32609FDC500D668F0 /* BMJUA_otf.otf */ = {isa = PBXFileReference; lastKnownFileType = file; path = BMJUA_otf.otf; sourceTree = "<group>"; };
		9FE4A0E7260A014F00D668F0 /* UIColor.swift */ = {isa = PBXFileReference; lastKnownFileType = sourcecode.swift; path = UIColor.swift; sourceTree = "<group>"; };
		BB15DB45C3F4D9DBD1961558 /* Pods_PetsHouse.framework */ = {isa = PBXFileReference; explicitFileType = wrapper.framework; includeInIndex = 0; path = Pods_PetsHouse.framework; sourceTree = BUILT_PRODUCTS_DIR; };
		BF9A0E6EC9526486968A50E3 /* Pods-PetsHouse.release.xcconfig */ = {isa = PBXFileReference; includeInIndex = 1; lastKnownFileType = text.xcconfig; name = "Pods-PetsHouse.release.xcconfig"; path = "Target Support Files/Pods-PetsHouse/Pods-PetsHouse.release.xcconfig"; sourceTree = "<group>"; };
		F7B636D2EF8C2B48913EF5FA /* Pods-PetsHouse.debug.xcconfig */ = {isa = PBXFileReference; includeInIndex = 1; lastKnownFileType = text.xcconfig; name = "Pods-PetsHouse.debug.xcconfig"; path = "Target Support Files/Pods-PetsHouse/Pods-PetsHouse.debug.xcconfig"; sourceTree = "<group>"; };
/* End PBXFileReference section */

/* Begin PBXFrameworksBuildPhase section */
		9F7DCAB825F995CA00450A79 /* Frameworks */ = {
			isa = PBXFrameworksBuildPhase;
			buildActionMask = 2147483647;
			files = (
				4C2FC0B10D8D4613DC5A6BFC /* Pods_PetsHouse.framework in Frameworks */,
			);
			runOnlyForDeploymentPostprocessing = 0;
		};
/* End PBXFrameworksBuildPhase section */

/* Begin PBXGroup section */
		4770A97976E0FFA1D2927EE0 /* Frameworks */ = {
			isa = PBXGroup;
			children = (
				BB15DB45C3F4D9DBD1961558 /* Pods_PetsHouse.framework */,
			);
			name = Frameworks;
			sourceTree = "<group>";
		};
		9F7DCAB225F995CA00450A79 = {
			isa = PBXGroup;
			children = (
				9F7DCABD25F995CA00450A79 /* PetsHouse */,
				9F7DCABC25F995CA00450A79 /* Products */,
				BD998284AD8BBC80328C646D /* Pods */,
				4770A97976E0FFA1D2927EE0 /* Frameworks */,
			);
			sourceTree = "<group>";
		};
		9F7DCABC25F995CA00450A79 /* Products */ = {
			isa = PBXGroup;
			children = (
				9F7DCABB25F995CA00450A79 /* PetsHouse.app */,
			);
			name = Products;
			sourceTree = "<group>";
		};
		9F7DCABD25F995CA00450A79 /* PetsHouse */ = {
			isa = PBXGroup;
			children = (
				9FE4A0BE2608DE0B00D668F0 /* Resource */,
				9FE4A0BD2608DDFE00D668F0 /* Source */,
				9FE4A0BC2608DDE900D668F0 /* Supporting Files */,
			);
			path = PetsHouse;
			sourceTree = "<group>";
		};
		9FE4A0B62608DD5400D668F0 /* Application */ = {
			isa = PBXGroup;
			children = (
				9F7DCABE25F995CA00450A79 /* AppDelegate.swift */,
				9F7DCAC025F995CA00450A79 /* SceneDelegate.swift */,
			);
			path = Application;
			sourceTree = "<group>";
		};
		9FE4A0B72608DD7400D668F0 /* Model */ = {
			isa = PBXGroup;
			children = (
				9F8403CD2614195600F6973B /* TokenModel.swift */,
			);
			path = Model;
			sourceTree = "<group>";
		};
		9FE4A0B82608DD8000D668F0 /* ViewModel */ = {
			isa = PBXGroup;
			children = (
				9FE4A0C82608DEA400D668F0 /* ViewModelType.swift */,
			);
			path = ViewModel;
			sourceTree = "<group>";
		};
		9FE4A0B92608DD8800D668F0 /* ViewController */ = {
			isa = PBXGroup;
			children = (
				9FE4A0DF2609CD6500D668F0 /* SignUpViewController.swift */,
				9F8C16E6260B02C300F8D17B /* SignInViewController.swift */,
				9F8403332611C10200F6973B /* WriteViewController.swift */,
			);
			path = ViewController;
			sourceTree = "<group>";
		};
		9FE4A0BA2608DDAF00D668F0 /* Service */ = {
			isa = PBXGroup;
			children = (
				9FE4A0BF2608DE6C00D668F0 /* TestService.swift */,
			);
			path = Service;
			sourceTree = "<group>";
		};
		9FE4A0BB2608DDBC00D668F0 /* Networking */ = {
			isa = PBXGroup;
			children = (
				9FE4A0C52608DE9600D668F0 /* TestNetworking.swift */,
			);
			path = Networking;
			sourceTree = "<group>";
		};
		9FE4A0BC2608DDE900D668F0 /* Supporting Files */ = {
			isa = PBXGroup;
			children = (
				9F7DCACC25F995CE00450A79 /* Info.plist */,
			);
			path = "Supporting Files";
			sourceTree = "<group>";
		};
		9FE4A0BD2608DDFE00D668F0 /* Source */ = {
			isa = PBXGroup;
			children = (
				9FE4A0E6260A013F00D668F0 /* Extension */,
				9FE4A0B62608DD5400D668F0 /* Application */,
				9FE4A0BA2608DDAF00D668F0 /* Service */,
				9FE4A0BB2608DDBC00D668F0 /* Networking */,
				9FE4A0B92608DD8800D668F0 /* ViewController */,
				9FE4A0B72608DD7400D668F0 /* Model */,
				9FE4A0B82608DD8000D668F0 /* ViewModel */,
			);
			path = Source;
			sourceTree = "<group>";
		};
		9FE4A0BE2608DE0B00D668F0 /* Resource */ = {
			isa = PBXGroup;
			children = (
				9FE4A0E22609FDAF00D668F0 /* Font */,
				9F7DCAC725F995CE00450A79 /* Assets.xcassets */,
				9F7DCAC425F995CA00450A79 /* Main.storyboard */,
				9F7DCAC925F995CE00450A79 /* LaunchScreen.storyboard */,
			);
			path = Resource;
			sourceTree = "<group>";
		};
		9FE4A0E22609FDAF00D668F0 /* Font */ = {
			isa = PBXGroup;
			children = (
				9FE4A0E32609FDC500D668F0 /* BMJUA_otf.otf */,
			);
			path = Font;
			sourceTree = "<group>";
		};
		9FE4A0E6260A013F00D668F0 /* Extension */ = {
			isa = PBXGroup;
			children = (
				9FE4A0E7260A014F00D668F0 /* UIColor.swift */,
			);
			path = Extension;
			sourceTree = "<group>";
		};
		BD998284AD8BBC80328C646D /* Pods */ = {
			isa = PBXGroup;
			children = (
				F7B636D2EF8C2B48913EF5FA /* Pods-PetsHouse.debug.xcconfig */,
				BF9A0E6EC9526486968A50E3 /* Pods-PetsHouse.release.xcconfig */,
			);
			path = Pods;
			sourceTree = "<group>";
		};
/* End PBXGroup section */

/* Begin PBXNativeTarget section */
		9F7DCABA25F995CA00450A79 /* PetsHouse */ = {
			isa = PBXNativeTarget;
			buildConfigurationList = 9F7DCACF25F995CE00450A79 /* Build configuration list for PBXNativeTarget "PetsHouse" */;
			buildPhases = (
				0CF74D816F9DD733209AC9C4 /* [CP] Check Pods Manifest.lock */,
				9F7DCAB725F995CA00450A79 /* Sources */,
				9F7DCAB825F995CA00450A79 /* Frameworks */,
				9F7DCAB925F995CA00450A79 /* Resources */,
				52A0D95223E9552C55139645 /* [CP] Embed Pods Frameworks */,
			);
			buildRules = (
			);
			dependencies = (
			);
			name = PetsHouse;
			productName = PetsHouse;
			productReference = 9F7DCABB25F995CA00450A79 /* PetsHouse.app */;
			productType = "com.apple.product-type.application";
		};
/* End PBXNativeTarget section */

/* Begin PBXProject section */
		9F7DCAB325F995CA00450A79 /* Project object */ = {
			isa = PBXProject;
			attributes = {
				LastSwiftUpdateCheck = 1240;
				LastUpgradeCheck = 1240;
				TargetAttributes = {
					9F7DCABA25F995CA00450A79 = {
						CreatedOnToolsVersion = 12.4;
					};
				};
			};
			buildConfigurationList = 9F7DCAB625F995CA00450A79 /* Build configuration list for PBXProject "PetsHouse" */;
			compatibilityVersion = "Xcode 9.3";
			developmentRegion = en;
			hasScannedForEncodings = 0;
			knownRegions = (
				en,
				Base,
			);
			mainGroup = 9F7DCAB225F995CA00450A79;
			productRefGroup = 9F7DCABC25F995CA00450A79 /* Products */;
			projectDirPath = "";
			projectRoot = "";
			targets = (
				9F7DCABA25F995CA00450A79 /* PetsHouse */,
			);
		};
/* End PBXProject section */

/* Begin PBXResourcesBuildPhase section */
		9F7DCAB925F995CA00450A79 /* Resources */ = {
			isa = PBXResourcesBuildPhase;
			buildActionMask = 2147483647;
			files = (
				9F7DCACB25F995CE00450A79 /* LaunchScreen.storyboard in Resources */,
				9F7DCAC825F995CE00450A79 /* Assets.xcassets in Resources */,
				9F7DCAC625F995CA00450A79 /* Main.storyboard in Resources */,
			);
			runOnlyForDeploymentPostprocessing = 0;
		};
/* End PBXResourcesBuildPhase section */

/* Begin PBXShellScriptBuildPhase section */
		0CF74D816F9DD733209AC9C4 /* [CP] Check Pods Manifest.lock */ = {
			isa = PBXShellScriptBuildPhase;
			buildActionMask = 2147483647;
			files = (
			);
			inputFileListPaths = (
			);
			inputPaths = (
				"${PODS_PODFILE_DIR_PATH}/Podfile.lock",
				"${PODS_ROOT}/Manifest.lock",
			);
			name = "[CP] Check Pods Manifest.lock";
			outputFileListPaths = (
			);
			outputPaths = (
				"$(DERIVED_FILE_DIR)/Pods-PetsHouse-checkManifestLockResult.txt",
			);
			runOnlyForDeploymentPostprocessing = 0;
			shellPath = /bin/sh;
			shellScript = "diff \"${PODS_PODFILE_DIR_PATH}/Podfile.lock\" \"${PODS_ROOT}/Manifest.lock\" > /dev/null\nif [ $? != 0 ] ; then\n    # print error to STDERR\n    echo \"error: The sandbox is not in sync with the Podfile.lock. Run 'pod install' or update your CocoaPods installation.\" >&2\n    exit 1\nfi\n# This output is used by Xcode 'outputs' to avoid re-running this script phase.\necho \"SUCCESS\" > \"${SCRIPT_OUTPUT_FILE_0}\"\n";
			showEnvVarsInLog = 0;
		};
		52A0D95223E9552C55139645 /* [CP] Embed Pods Frameworks */ = {
			isa = PBXShellScriptBuildPhase;
			buildActionMask = 2147483647;
			files = (
			);
			inputFileListPaths = (
				"${PODS_ROOT}/Target Support Files/Pods-PetsHouse/Pods-PetsHouse-frameworks-${CONFIGURATION}-input-files.xcfilelist",
			);
			name = "[CP] Embed Pods Frameworks";
			outputFileListPaths = (
				"${PODS_ROOT}/Target Support Files/Pods-PetsHouse/Pods-PetsHouse-frameworks-${CONFIGURATION}-output-files.xcfilelist",
			);
			runOnlyForDeploymentPostprocessing = 0;
			shellPath = /bin/sh;
			shellScript = "\"${PODS_ROOT}/Target Support Files/Pods-PetsHouse/Pods-PetsHouse-frameworks.sh\"\n";
			showEnvVarsInLog = 0;
		};
/* End PBXShellScriptBuildPhase section */

/* Begin PBXSourcesBuildPhase section */
		9F7DCAB725F995CA00450A79 /* Sources */ = {
			isa = PBXSourcesBuildPhase;
			buildActionMask = 2147483647;
			files = (
				9FE4A0C62608DE9600D668F0 /* TestNetworking.swift in Sources */,
				9F8403CE2614195700F6973B /* TokenModel.swift in Sources */,
				9FE4A0E02609CD6500D668F0 /* SignUpViewController.swift in Sources */,
				9FE4A0C02608DE6C00D668F0 /* TestService.swift in Sources */,
				9FE4A0E8260A014F00D668F0 /* UIColor.swift in Sources */,
				9F8C16E7260B02C300F8D17B /* SignInViewController.swift in Sources */,
				9F7DCABF25F995CA00450A79 /* AppDelegate.swift in Sources */,
				9F7DCAC125F995CA00450A79 /* SceneDelegate.swift in Sources */,
				9F8403342611C10200F6973B /* WriteViewController.swift in Sources */,
				9FE4A0C92608DEA400D668F0 /* ViewModelType.swift in Sources */,
			);
			runOnlyForDeploymentPostprocessing = 0;
		};
/* End PBXSourcesBuildPhase section */

/* Begin PBXVariantGroup section */
		9F7DCAC425F995CA00450A79 /* Main.storyboard */ = {
			isa = PBXVariantGroup;
			children = (
				9F7DCAC525F995CA00450A79 /* Base */,
			);
			name = Main.storyboard;
			sourceTree = "<group>";
		};
		9F7DCAC925F995CE00450A79 /* LaunchScreen.storyboard */ = {
			isa = PBXVariantGroup;
			children = (
				9F7DCACA25F995CE00450A79 /* Base */,
			);
			name = LaunchScreen.storyboard;
			sourceTree = "<group>";
		};
/* End PBXVariantGroup section */

/* Begin XCBuildConfiguration section */
		9F7DCACD25F995CE00450A79 /* Debug */ = {
			isa = XCBuildConfiguration;
			buildSettings = {
				ALWAYS_SEARCH_USER_PATHS = NO;
				CLANG_ANALYZER_NONNULL = YES;
				CLANG_ANALYZER_NUMBER_OBJECT_CONVERSION = YES_AGGRESSIVE;
				CLANG_CXX_LANGUAGE_STANDARD = "gnu++14";
				CLANG_CXX_LIBRARY = "libc++";
				CLANG_ENABLE_MODULES = YES;
				CLANG_ENABLE_OBJC_ARC = YES;
				CLANG_ENABLE_OBJC_WEAK = YES;
				CLANG_WARN_BLOCK_CAPTURE_AUTORELEASING = YES;
				CLANG_WARN_BOOL_CONVERSION = YES;
				CLANG_WARN_COMMA = YES;
				CLANG_WARN_CONSTANT_CONVERSION = YES;
				CLANG_WARN_DEPRECATED_OBJC_IMPLEMENTATIONS = YES;
				CLANG_WARN_DIRECT_OBJC_ISA_USAGE = YES_ERROR;
				CLANG_WARN_DOCUMENTATION_COMMENTS = YES;
				CLANG_WARN_EMPTY_BODY = YES;
				CLANG_WARN_ENUM_CONVERSION = YES;
				CLANG_WARN_INFINITE_RECURSION = YES;
				CLANG_WARN_INT_CONVERSION = YES;
				CLANG_WARN_NON_LITERAL_NULL_CONVERSION = YES;
				CLANG_WARN_OBJC_IMPLICIT_RETAIN_SELF = YES;
				CLANG_WARN_OBJC_LITERAL_CONVERSION = YES;
				CLANG_WARN_OBJC_ROOT_CLASS = YES_ERROR;
				CLANG_WARN_QUOTED_INCLUDE_IN_FRAMEWORK_HEADER = YES;
				CLANG_WARN_RANGE_LOOP_ANALYSIS = YES;
				CLANG_WARN_STRICT_PROTOTYPES = YES;
				CLANG_WARN_SUSPICIOUS_MOVE = YES;
				CLANG_WARN_UNGUARDED_AVAILABILITY = YES_AGGRESSIVE;
				CLANG_WARN_UNREACHABLE_CODE = YES;
				CLANG_WARN__DUPLICATE_METHOD_MATCH = YES;
				COPY_PHASE_STRIP = NO;
				DEBUG_INFORMATION_FORMAT = dwarf;
				ENABLE_STRICT_OBJC_MSGSEND = YES;
				ENABLE_TESTABILITY = YES;
				GCC_C_LANGUAGE_STANDARD = gnu11;
				GCC_DYNAMIC_NO_PIC = NO;
				GCC_NO_COMMON_BLOCKS = YES;
				GCC_OPTIMIZATION_LEVEL = 0;
				GCC_PREPROCESSOR_DEFINITIONS = (
					"DEBUG=1",
					"$(inherited)",
				);
				GCC_WARN_64_TO_32_BIT_CONVERSION = YES;
				GCC_WARN_ABOUT_RETURN_TYPE = YES_ERROR;
				GCC_WARN_UNDECLARED_SELECTOR = YES;
				GCC_WARN_UNINITIALIZED_AUTOS = YES_AGGRESSIVE;
				GCC_WARN_UNUSED_FUNCTION = YES;
				GCC_WARN_UNUSED_VARIABLE = YES;
				IPHONEOS_DEPLOYMENT_TARGET = 14.4;
				MTL_ENABLE_DEBUG_INFO = INCLUDE_SOURCE;
				MTL_FAST_MATH = YES;
				ONLY_ACTIVE_ARCH = YES;
				SDKROOT = iphoneos;
				SWIFT_ACTIVE_COMPILATION_CONDITIONS = DEBUG;
				SWIFT_OPTIMIZATION_LEVEL = "-Onone";
			};
			name = Debug;
		};
		9F7DCACE25F995CE00450A79 /* Release */ = {
			isa = XCBuildConfiguration;
			buildSettings = {
				ALWAYS_SEARCH_USER_PATHS = NO;
				CLANG_ANALYZER_NONNULL = YES;
				CLANG_ANALYZER_NUMBER_OBJECT_CONVERSION = YES_AGGRESSIVE;
				CLANG_CXX_LANGUAGE_STANDARD = "gnu++14";
				CLANG_CXX_LIBRARY = "libc++";
				CLANG_ENABLE_MODULES = YES;
				CLANG_ENABLE_OBJC_ARC = YES;
				CLANG_ENABLE_OBJC_WEAK = YES;
				CLANG_WARN_BLOCK_CAPTURE_AUTORELEASING = YES;
				CLANG_WARN_BOOL_CONVERSION = YES;
				CLANG_WARN_COMMA = YES;
				CLANG_WARN_CONSTANT_CONVERSION = YES;
				CLANG_WARN_DEPRECATED_OBJC_IMPLEMENTATIONS = YES;
				CLANG_WARN_DIRECT_OBJC_ISA_USAGE = YES_ERROR;
				CLANG_WARN_DOCUMENTATION_COMMENTS = YES;
				CLANG_WARN_EMPTY_BODY = YES;
				CLANG_WARN_ENUM_CONVERSION = YES;
				CLANG_WARN_INFINITE_RECURSION = YES;
				CLANG_WARN_INT_CONVERSION = YES;
				CLANG_WARN_NON_LITERAL_NULL_CONVERSION = YES;
				CLANG_WARN_OBJC_IMPLICIT_RETAIN_SELF = YES;
				CLANG_WARN_OBJC_LITERAL_CONVERSION = YES;
				CLANG_WARN_OBJC_ROOT_CLASS = YES_ERROR;
				CLANG_WARN_QUOTED_INCLUDE_IN_FRAMEWORK_HEADER = YES;
				CLANG_WARN_RANGE_LOOP_ANALYSIS = YES;
				CLANG_WARN_STRICT_PROTOTYPES = YES;
				CLANG_WARN_SUSPICIOUS_MOVE = YES;
				CLANG_WARN_UNGUARDED_AVAILABILITY = YES_AGGRESSIVE;
				CLANG_WARN_UNREACHABLE_CODE = YES;
				CLANG_WARN__DUPLICATE_METHOD_MATCH = YES;
				COPY_PHASE_STRIP = NO;
				DEBUG_INFORMATION_FORMAT = "dwarf-with-dsym";
				ENABLE_NS_ASSERTIONS = NO;
				ENABLE_STRICT_OBJC_MSGSEND = YES;
				GCC_C_LANGUAGE_STANDARD = gnu11;
				GCC_NO_COMMON_BLOCKS = YES;
				GCC_WARN_64_TO_32_BIT_CONVERSION = YES;
				GCC_WARN_ABOUT_RETURN_TYPE = YES_ERROR;
				GCC_WARN_UNDECLARED_SELECTOR = YES;
				GCC_WARN_UNINITIALIZED_AUTOS = YES_AGGRESSIVE;
				GCC_WARN_UNUSED_FUNCTION = YES;
				GCC_WARN_UNUSED_VARIABLE = YES;
				IPHONEOS_DEPLOYMENT_TARGET = 14.4;
				MTL_ENABLE_DEBUG_INFO = NO;
				MTL_FAST_MATH = YES;
				SDKROOT = iphoneos;
				SWIFT_COMPILATION_MODE = wholemodule;
				SWIFT_OPTIMIZATION_LEVEL = "-O";
				VALIDATE_PRODUCT = YES;
			};
			name = Release;
		};
		9F7DCAD025F995CE00450A79 /* Debug */ = {
			isa = XCBuildConfiguration;
			baseConfigurationReference = F7B636D2EF8C2B48913EF5FA /* Pods-PetsHouse.debug.xcconfig */;
			buildSettings = {
				ASSETCATALOG_COMPILER_APPICON_NAME = AppIcon;
				ASSETCATALOG_COMPILER_GLOBAL_ACCENT_COLOR_NAME = AccentColor;
				CODE_SIGN_STYLE = Automatic;
				INFOPLIST_FILE = "PetsHouse/Supporting Files/Info.plist";
				LD_RUNPATH_SEARCH_PATHS = (
					"$(inherited)",
					"@executable_path/Frameworks",
				);
				PRODUCT_BUNDLE_IDENTIFIER = com.PetsHouse;
				PRODUCT_NAME = "$(TARGET_NAME)";
				SWIFT_VERSION = 5.0;
				TARGETED_DEVICE_FAMILY = "1,2";
			};
			name = Debug;
		};
		9F7DCAD125F995CE00450A79 /* Release */ = {
			isa = XCBuildConfiguration;
			baseConfigurationReference = BF9A0E6EC9526486968A50E3 /* Pods-PetsHouse.release.xcconfig */;
			buildSettings = {
				ASSETCATALOG_COMPILER_APPICON_NAME = AppIcon;
				ASSETCATALOG_COMPILER_GLOBAL_ACCENT_COLOR_NAME = AccentColor;
				CODE_SIGN_STYLE = Automatic;
				INFOPLIST_FILE = "PetsHouse/Supporting Files/Info.plist";
				LD_RUNPATH_SEARCH_PATHS = (
					"$(inherited)",
					"@executable_path/Frameworks",
				);
				PRODUCT_BUNDLE_IDENTIFIER = com.PetsHouse;
				PRODUCT_NAME = "$(TARGET_NAME)";
				SWIFT_VERSION = 5.0;
				TARGETED_DEVICE_FAMILY = "1,2";
			};
			name = Release;
		};
/* End XCBuildConfiguration section */

/* Begin XCConfigurationList section */
		9F7DCAB625F995CA00450A79 /* Build configuration list for PBXProject "PetsHouse" */ = {
			isa = XCConfigurationList;
			buildConfigurations = (
				9F7DCACD25F995CE00450A79 /* Debug */,
				9F7DCACE25F995CE00450A79 /* Release */,
			);
			defaultConfigurationIsVisible = 0;
			defaultConfigurationName = Release;
		};
		9F7DCACF25F995CE00450A79 /* Build configuration list for PBXNativeTarget "PetsHouse" */ = {
			isa = XCConfigurationList;
			buildConfigurations = (
				9F7DCAD025F995CE00450A79 /* Debug */,
				9F7DCAD125F995CE00450A79 /* Release */,
			);
			defaultConfigurationIsVisible = 0;
			defaultConfigurationName = Release;
		};
/* End XCConfigurationList section */
	};
	rootObject = 9F7DCAB325F995CA00450A79 /* Project object */;
}
